
Microsoft Visual Studio Solution File, Format Version 12.00
# Visual Studio Version 16
VisualStudioVersion = 16.0.29215.179
MinimumVisualStudioVersion = 10.0.40219.1
Project("{FAE04EC0-301F-11D3-BF4B-00C04F79EFBC}") = "StudentsApi.Desktop", "StudentsApi.Desktop\StudentsApi.Desktop.csproj", "{2207B335-D4AF-4CD2-B69E-E68D0104A805}"
EndProject
Global
	GlobalSection(SolutionConfigurationPlatforms) = preSolution
		Debug|Any CPU = Debug|Any CPU
		Release|Any CPU = Release|Any CPU
	EndGlobalSection
	GlobalSection(ProjectConfigurationPlatforms) = postSolution
		{2207B335-D4AF-4CD2-B69E-E68D0104A805}.Debug|Any CPU.ActiveCfg = Debug|Any CPU
		{2207B335-D4AF-4CD2-B69E-E68D0104A805}.Debug|Any CPU.Build.0 = Debug|Any CPU
		{2207B335-D4AF-4CD2-B69E-E68D0104A805}.Release|Any CPU.ActiveCfg = Release|Any CPU
		{2207B335-D4AF-4CD2-B69E-E68D0104A805}.Release|Any CPU.Build.0 = Release|Any CPU
	EndGlobalSection
	GlobalSection(SolutionProperties) = preSolution
		HideSolutionNode = FALSE
	EndGlobalSection
	GlobalSection(ExtensibilityGlobals) = postSolution
		SolutionGuid = {A0A0E8A2-48D4-448D-9DBD-C49AA8626584}
	EndGlobalSection
EndGlobal
